
Microsoft Visual Studio Solution File, Format Version 12.00
# Visual Studio 15
VisualStudioVersion = 15.0.28307.1000
MinimumVisualStudioVersion = 10.0.40219.1
Project("{FAE04EC0-301F-11D3-BF4B-00C04F79EFBC}") = "Fridge_2_0", "Fridge_2_0\Fridge_2_0.csproj", "{116C641F-BC55-4A3C-9464-DF35C4B0C708}"
EndProject
Global
	GlobalSection(SolutionConfigurationPlatforms) = preSolution
		Debug|Any CPU = Debug|Any CPU
		Release|Any CPU = Release|Any CPU
	EndGlobalSection
	GlobalSection(ProjectConfigurationPlatforms) = postSolution
		{116C641F-BC55-4A3C-9464-DF35C4B0C708}.Debug|Any CPU.ActiveCfg = Debug|Any CPU
		{116C641F-BC55-4A3C-9464-DF35C4B0C708}.Debug|Any CPU.Build.0 = Debug|Any CPU
		{116C641F-BC55-4A3C-9464-DF35C4B0C708}.Release|Any CPU.ActiveCfg = Release|Any CPU
		{116C641F-BC55-4A3C-9464-DF35C4B0C708}.Release|Any CPU.Build.0 = Release|Any CPU
	EndGlobalSection
	GlobalSection(SolutionProperties) = preSolution
		HideSolutionNode = FALSE
	EndGlobalSection
	GlobalSection(ExtensibilityGlobals) = postSolution
		SolutionGuid = {D9B5BD62-B46B-4990-B6E8-DD38D54AE671}
	EndGlobalSection
EndGlobal
