
Microsoft Visual Studio Solution File, Format Version 12.00
# Visual Studio 15
VisualStudioVersion = 15.0.28307.1000
MinimumVisualStudioVersion = 10.0.40219.1
Project("{FAE04EC0-301F-11D3-BF4B-00C04F79EFBC}") = "test_gui_cs", "test_gui_cs\test_gui_cs.csproj", "{D6ACCA1C-ED69-4DA3-B250-E83F5E9E40A0}"
EndProject
Global
	GlobalSection(SolutionConfigurationPlatforms) = preSolution
		Debug|Any CPU = Debug|Any CPU
		Release|Any CPU = Release|Any CPU
	EndGlobalSection
	GlobalSection(ProjectConfigurationPlatforms) = postSolution
		{D6ACCA1C-ED69-4DA3-B250-E83F5E9E40A0}.Debug|Any CPU.ActiveCfg = Debug|Any CPU
		{D6ACCA1C-ED69-4DA3-B250-E83F5E9E40A0}.Debug|Any CPU.Build.0 = Debug|Any CPU
		{D6ACCA1C-ED69-4DA3-B250-E83F5E9E40A0}.Release|Any CPU.ActiveCfg = Release|Any CPU
		{D6ACCA1C-ED69-4DA3-B250-E83F5E9E40A0}.Release|Any CPU.Build.0 = Release|Any CPU
	EndGlobalSection
	GlobalSection(SolutionProperties) = preSolution
		HideSolutionNode = FALSE
	EndGlobalSection
	GlobalSection(ExtensibilityGlobals) = postSolution
		SolutionGuid = {1A976473-250B-4544-8397-BDDD17F3DD96}
	EndGlobalSection
EndGlobal
